<?xml version="1.0" encoding="utf-8"?>
<Project ToolsVersion="4.0" xmlns="http://schemas.microsoft.com/developer/msbuild/2003">
  <ItemGroup>
    <Filter Include="源文件">
      <UniqueIdentifier>{4FC737F1-C7A5-4376-A066-2A32D752A2FF}</UniqueIdentifier>
      <Extensions>cpp;c;cc;cxx;c++;cppm;ixx;def;odl;idl;hpj;bat;asm;asmx</Extensions>
    </Filter>
    <Filter Include="头文件">
      <UniqueIdentifier>{93995380-89BD-4b04-88EB-625FBE52EBFB}</UniqueIdentifier>
      <Extensions>h;hh;hpp;hxx;h++;hm;inl;inc;ipp;xsd</Extensions>
    </Filter>
    <Filter Include="资源文件">
      <UniqueIdentifier>{67DA6AB6-F800-4c08-8B7A-83BB121AAD01}</UniqueIdentifier>
      <Extensions>rc;ico;cur;bmp;dlg;rc2;rct;bin;rgs;gif;jpg;jpeg;jpe;resx;tiff;tif;png;wav;mfcribbon-ms</Extensions>
    </Filter>
    <Filter Include="question">
      <UniqueIdentifier>{96e06b1c-8015-4ebc-8169-4477c8684c25}</UniqueIdentifier>
    </Filter>
    <Filter Include="testdata">
      <UniqueIdentifier>{be5cf83d-c0ab-44a4-958e-77031ea177c2}</UniqueIdentifier>
    </Filter>
  </ItemGroup>
  <ItemGroup>
    <None Include="README.md" />
    <None Include=".gitattributes" />
    <None Include=".gitignore" />
  </ItemGroup>
  <ItemGroup>
    <Text Include="testdata\codetable.txt">
      <Filter>testdata</Filter>
    </Text>
    <Text Include="testdata\decode.txt">
      <Filter>testdata</Filter>
    </Text>
    <Text Include="testdata\encode.txt">
      <Filter>testdata</Filter>
    </Text>
    <Text Include="testdata\hfmTree.txt">
      <Filter>testdata</Filter>
    </Text>
    <Text Include="testdata\operation.txt">
      <Filter>testdata</Filter>
    </Text>
    <Text Include="testdata\pencode.txt">
      <Filter>testdata</Filter>
    </Text>
    <Text Include="testdata\treeGraph.txt">
      <Filter>testdata</Filter>
    </Text>
  </ItemGroup>
  <ItemGroup>
    <Image Include="question\1.jpg">
      <Filter>question</Filter>
    </Image>
    <Image Include="question\2.jpg">
      <Filter>question</Filter>
    </Image>
  </ItemGroup>
  <ItemGroup>
    <ClInclude Include="src\HuffmanTree.h">
      <Filter>头文件</Filter>
    </ClInclude>
    <ClInclude Include="src\operation.h">
      <Filter>头文件</Filter>
    </ClInclude>
  </ItemGroup>
  <ItemGroup>
    <ClCompile Include="src\HuffmanTree.c">
      <Filter>源文件</Filter>
    </ClCompile>
    <ClCompile Include="src\main.c">
      <Filter>源文件</Filter>
    </ClCompile>
    <ClCompile Include="src\operation.c">
      <Filter>源文件</Filter>
    </ClCompile>
  </ItemGroup>
</Project>